
Microsoft Visual Studio Solution File, Format Version 12.00
# Visual Studio 15
VisualStudioVersion = 15.0.26228.12
MinimumVisualStudioVersion = 10.0.40219.1
Project("{FAE04EC0-301F-11D3-BF4B-00C04F79EFBC}") = "Contactify", "Contactify\Contactify.csproj", "{EDCDD175-AB36-423C-919F-3DDFA426DAC5}"
EndProject
Project("{FAE04EC0-301F-11D3-BF4B-00C04F79EFBC}") = "Contactify.Tests", "Contactify.Tests\Contactify.Tests.csproj", "{EDA4089C-FDAB-40D4-ABDD-74C600A872CF}"
EndProject
Project("{FAE04EC0-301F-11D3-BF4B-00C04F79EFBC}") = "Contactify.Entities", "Contactify.Entities\Contactify.Entities.csproj", "{FF4C8C19-5C73-4CFC-BDDD-1FADFDC4AAB1}"
EndProject
Project("{FAE04EC0-301F-11D3-BF4B-00C04F79EFBC}") = "Contactify.DataTransferObjects", "Contactify.DataTransferObjects\Contactify.DataTransferObjects.csproj", "{FA20ED4E-74C5-4786-8C5F-D29C7ED24F37}"
EndProject
Project("{FAE04EC0-301F-11D3-BF4B-00C04F79EFBC}") = "Contactify.DataLayer", "Contactify.DataLayer\Contactify.DataLayer.csproj", "{3905E578-C2C8-4A05-B589-409B62AECBEB}"
EndProject
Project("{FAE04EC0-301F-11D3-BF4B-00C04F79EFBC}") = "Contactify.Security", "Contactify.Security\Contactify.Security.csproj", "{161A1860-6A00-4A09-9FCF-7CFB311D36DA}"
EndProject
Project("{FAE04EC0-301F-11D3-BF4B-00C04F79EFBC}") = "Contactify.Services", "Contactify.Services\Contactify.Services.csproj", "{00E01E24-C0DD-43E8-BD6D-13CAACD7DBA9}"
EndProject
Global
	GlobalSection(SolutionConfigurationPlatforms) = preSolution
		Debug|Any CPU = Debug|Any CPU
		Release|Any CPU = Release|Any CPU
	EndGlobalSection
	GlobalSection(ProjectConfigurationPlatforms) = postSolution
		{EDCDD175-AB36-423C-919F-3DDFA426DAC5}.Debug|Any CPU.ActiveCfg = Debug|Any CPU
		{EDCDD175-AB36-423C-919F-3DDFA426DAC5}.Debug|Any CPU.Build.0 = Debug|Any CPU
		{EDCDD175-AB36-423C-919F-3DDFA426DAC5}.Release|Any CPU.ActiveCfg = Release|Any CPU
		{EDCDD175-AB36-423C-919F-3DDFA426DAC5}.Release|Any CPU.Build.0 = Release|Any CPU
		{EDA4089C-FDAB-40D4-ABDD-74C600A872CF}.Debug|Any CPU.ActiveCfg = Debug|Any CPU
		{EDA4089C-FDAB-40D4-ABDD-74C600A872CF}.Debug|Any CPU.Build.0 = Debug|Any CPU
		{EDA4089C-FDAB-40D4-ABDD-74C600A872CF}.Release|Any CPU.ActiveCfg = Release|Any CPU
		{EDA4089C-FDAB-40D4-ABDD-74C600A872CF}.Release|Any CPU.Build.0 = Release|Any CPU
		{FF4C8C19-5C73-4CFC-BDDD-1FADFDC4AAB1}.Debug|Any CPU.ActiveCfg = Debug|Any CPU
		{FF4C8C19-5C73-4CFC-BDDD-1FADFDC4AAB1}.Debug|Any CPU.Build.0 = Debug|Any CPU
		{FF4C8C19-5C73-4CFC-BDDD-1FADFDC4AAB1}.Release|Any CPU.ActiveCfg = Release|Any CPU
		{FF4C8C19-5C73-4CFC-BDDD-1FADFDC4AAB1}.Release|Any CPU.Build.0 = Release|Any CPU
		{FA20ED4E-74C5-4786-8C5F-D29C7ED24F37}.Debug|Any CPU.ActiveCfg = Debug|Any CPU
		{FA20ED4E-74C5-4786-8C5F-D29C7ED24F37}.Debug|Any CPU.Build.0 = Debug|Any CPU
		{FA20ED4E-74C5-4786-8C5F-D29C7ED24F37}.Release|Any CPU.ActiveCfg = Release|Any CPU
		{FA20ED4E-74C5-4786-8C5F-D29C7ED24F37}.Release|Any CPU.Build.0 = Release|Any CPU
		{3905E578-C2C8-4A05-B589-409B62AECBEB}.Debug|Any CPU.ActiveCfg = Debug|Any CPU
		{3905E578-C2C8-4A05-B589-409B62AECBEB}.Debug|Any CPU.Build.0 = Debug|Any CPU
		{3905E578-C2C8-4A05-B589-409B62AECBEB}.Release|Any CPU.ActiveCfg = Release|Any CPU
		{3905E578-C2C8-4A05-B589-409B62AECBEB}.Release|Any CPU.Build.0 = Release|Any CPU
		{161A1860-6A00-4A09-9FCF-7CFB311D36DA}.Debug|Any CPU.ActiveCfg = Debug|Any CPU
		{161A1860-6A00-4A09-9FCF-7CFB311D36DA}.Debug|Any CPU.Build.0 = Debug|Any CPU
		{161A1860-6A00-4A09-9FCF-7CFB311D36DA}.Release|Any CPU.ActiveCfg = Release|Any CPU
		{161A1860-6A00-4A09-9FCF-7CFB311D36DA}.Release|Any CPU.Build.0 = Release|Any CPU
		{00E01E24-C0DD-43E8-BD6D-13CAACD7DBA9}.Debug|Any CPU.ActiveCfg = Debug|Any CPU
		{00E01E24-C0DD-43E8-BD6D-13CAACD7DBA9}.Debug|Any CPU.Build.0 = Debug|Any CPU
		{00E01E24-C0DD-43E8-BD6D-13CAACD7DBA9}.Release|Any CPU.ActiveCfg = Release|Any CPU
		{00E01E24-C0DD-43E8-BD6D-13CAACD7DBA9}.Release|Any CPU.Build.0 = Release|Any CPU
	EndGlobalSection
	GlobalSection(SolutionProperties) = preSolution
		HideSolutionNode = FALSE
	EndGlobalSection
EndGlobal
